
Microsoft Visual Studio Solution File, Format Version 12.00
# Visual Studio 14
VisualStudioVersion = 14.0.25123.0
MinimumVisualStudioVersion = 10.0.40219.1
Project("{FAE04EC0-301F-11D3-BF4B-00C04F79EFBC}") = "ReverseString", "ReverseString\ReverseString.csproj", "{B67D1E17-75D4-46E0-BE77-9A06BEF82926}"
EndProject
Project("{FAE04EC0-301F-11D3-BF4B-00C04F79EFBC}") = "CorrectBrackets", "CorrectBrackets\CorrectBrackets.csproj", "{684C868B-EA18-4AB4-A86F-9F34EAF9C0C4}"
EndProject
Project("{FAE04EC0-301F-11D3-BF4B-00C04F79EFBC}") = "SubStringInText", "SubStringInText\SubStringInText.csproj", "{84C3702E-1A6B-4BD8-9D49-35C3A3DA9F0A}"
EndProject
Project("{FAE04EC0-301F-11D3-BF4B-00C04F79EFBC}") = "ParseТags", "ParseТags\ParseТags.csproj", "{A7F15C2A-C80B-4624-B6A6-EB6CDF3643AE}"
EndProject
Project("{FAE04EC0-301F-11D3-BF4B-00C04F79EFBC}") = "StringLength", "StringLength\StringLength.csproj", "{C160988D-E069-4FC5-800B-0859B600362F}"
EndProject
Project("{FAE04EC0-301F-11D3-BF4B-00C04F79EFBC}") = "ExtractSentences", "ExtractSentences\ExtractSentences.csproj", "{0460973D-E251-45CB-919B-257FC6595454}"
EndProject
Project("{FAE04EC0-301F-11D3-BF4B-00C04F79EFBC}") = "UnicodeCharacters", "UnicodeCharacters\UnicodeCharacters.csproj", "{AE6AB732-F9BA-43F6-8C5D-7D1ECB10F010}"
EndProject
Global
	GlobalSection(SolutionConfigurationPlatforms) = preSolution
		Debug|Any CPU = Debug|Any CPU
		Release|Any CPU = Release|Any CPU
	EndGlobalSection
	GlobalSection(ProjectConfigurationPlatforms) = postSolution
		{B67D1E17-75D4-46E0-BE77-9A06BEF82926}.Debug|Any CPU.ActiveCfg = Debug|Any CPU
		{B67D1E17-75D4-46E0-BE77-9A06BEF82926}.Debug|Any CPU.Build.0 = Debug|Any CPU
		{B67D1E17-75D4-46E0-BE77-9A06BEF82926}.Release|Any CPU.ActiveCfg = Release|Any CPU
		{B67D1E17-75D4-46E0-BE77-9A06BEF82926}.Release|Any CPU.Build.0 = Release|Any CPU
		{684C868B-EA18-4AB4-A86F-9F34EAF9C0C4}.Debug|Any CPU.ActiveCfg = Debug|Any CPU
		{684C868B-EA18-4AB4-A86F-9F34EAF9C0C4}.Debug|Any CPU.Build.0 = Debug|Any CPU
		{684C868B-EA18-4AB4-A86F-9F34EAF9C0C4}.Release|Any CPU.ActiveCfg = Release|Any CPU
		{684C868B-EA18-4AB4-A86F-9F34EAF9C0C4}.Release|Any CPU.Build.0 = Release|Any CPU
		{84C3702E-1A6B-4BD8-9D49-35C3A3DA9F0A}.Debug|Any CPU.ActiveCfg = Debug|Any CPU
		{84C3702E-1A6B-4BD8-9D49-35C3A3DA9F0A}.Debug|Any CPU.Build.0 = Debug|Any CPU
		{84C3702E-1A6B-4BD8-9D49-35C3A3DA9F0A}.Release|Any CPU.ActiveCfg = Release|Any CPU
		{84C3702E-1A6B-4BD8-9D49-35C3A3DA9F0A}.Release|Any CPU.Build.0 = Release|Any CPU
		{A7F15C2A-C80B-4624-B6A6-EB6CDF3643AE}.Debug|Any CPU.ActiveCfg = Debug|Any CPU
		{A7F15C2A-C80B-4624-B6A6-EB6CDF3643AE}.Debug|Any CPU.Build.0 = Debug|Any CPU
		{A7F15C2A-C80B-4624-B6A6-EB6CDF3643AE}.Release|Any CPU.ActiveCfg = Release|Any CPU
		{A7F15C2A-C80B-4624-B6A6-EB6CDF3643AE}.Release|Any CPU.Build.0 = Release|Any CPU
		{C160988D-E069-4FC5-800B-0859B600362F}.Debug|Any CPU.ActiveCfg = Debug|Any CPU
		{C160988D-E069-4FC5-800B-0859B600362F}.Debug|Any CPU.Build.0 = Debug|Any CPU
		{C160988D-E069-4FC5-800B-0859B600362F}.Release|Any CPU.ActiveCfg = Release|Any CPU
		{C160988D-E069-4FC5-800B-0859B600362F}.Release|Any CPU.Build.0 = Release|Any CPU
		{0460973D-E251-45CB-919B-257FC6595454}.Debug|Any CPU.ActiveCfg = Debug|Any CPU
		{0460973D-E251-45CB-919B-257FC6595454}.Debug|Any CPU.Build.0 = Debug|Any CPU
		{0460973D-E251-45CB-919B-257FC6595454}.Release|Any CPU.ActiveCfg = Release|Any CPU
		{0460973D-E251-45CB-919B-257FC6595454}.Release|Any CPU.Build.0 = Release|Any CPU
		{AE6AB732-F9BA-43F6-8C5D-7D1ECB10F010}.Debug|Any CPU.ActiveCfg = Debug|Any CPU
		{AE6AB732-F9BA-43F6-8C5D-7D1ECB10F010}.Debug|Any CPU.Build.0 = Debug|Any CPU
		{AE6AB732-F9BA-43F6-8C5D-7D1ECB10F010}.Release|Any CPU.ActiveCfg = Release|Any CPU
		{AE6AB732-F9BA-43F6-8C5D-7D1ECB10F010}.Release|Any CPU.Build.0 = Release|Any CPU
	EndGlobalSection
	GlobalSection(SolutionProperties) = preSolution
		HideSolutionNode = FALSE
	EndGlobalSection
EndGlobal
