
Microsoft Visual Studio Solution File, Format Version 12.00
# Visual Studio 14
VisualStudioVersion = 14.0.25123.0
MinimumVisualStudioVersion = 10.0.40219.1
Project("{FAE04EC0-301F-11D3-BF4B-00C04F79EFBC}") = "SayHello", "SayHello\SayHello.csproj", "{8744ACE8-D252-480D-9545-279E272B9F07}"
EndProject
Project("{FAE04EC0-301F-11D3-BF4B-00C04F79EFBC}") = "GetLargestNumber", "GetLargestNumber\GetLargestNumber.csproj", "{C611D7EF-6E16-42FF-BE13-B38F3181CCDC}"
EndProject
Project("{FAE04EC0-301F-11D3-BF4B-00C04F79EFBC}") = "EnglishDigit", "EnglishDigit\EnglishDigit.csproj", "{2E9FE40E-39B0-4E5E-B60D-5DB6873199A2}"
EndProject
Project("{FAE04EC0-301F-11D3-BF4B-00C04F79EFBC}") = "AppearanceCount", "AppearanceCount\AppearanceCount.csproj", "{66A88102-B7AE-4963-A36A-DA8C8C36CA29}"
EndProject
Project("{FAE04EC0-301F-11D3-BF4B-00C04F79EFBC}") = "LargerThanNeighbours", "LargerThanNeighbours\LargerThanNeighbours.csproj", "{9BCD4723-E3B3-4766-8DB7-78829C994BE9}"
EndProject
Project("{FAE04EC0-301F-11D3-BF4B-00C04F79EFBC}") = "FirstLargerThanNeighbours", "FirstLargerThanNeighbours\FirstLargerThanNeighbours.csproj", "{E20B71FD-C07D-49ED-94F0-852CF555E027}"
EndProject
Project("{FAE04EC0-301F-11D3-BF4B-00C04F79EFBC}") = "ReverseNumber", "ReverseNumber\ReverseNumber.csproj", "{7D1EA5EA-9C04-4DAC-B21A-2890DE1EF6DF}"
EndProject
Global
	GlobalSection(SolutionConfigurationPlatforms) = preSolution
		Debug|Any CPU = Debug|Any CPU
		Release|Any CPU = Release|Any CPU
	EndGlobalSection
	GlobalSection(ProjectConfigurationPlatforms) = postSolution
		{8744ACE8-D252-480D-9545-279E272B9F07}.Debug|Any CPU.ActiveCfg = Debug|Any CPU
		{8744ACE8-D252-480D-9545-279E272B9F07}.Debug|Any CPU.Build.0 = Debug|Any CPU
		{8744ACE8-D252-480D-9545-279E272B9F07}.Release|Any CPU.ActiveCfg = Release|Any CPU
		{8744ACE8-D252-480D-9545-279E272B9F07}.Release|Any CPU.Build.0 = Release|Any CPU
		{C611D7EF-6E16-42FF-BE13-B38F3181CCDC}.Debug|Any CPU.ActiveCfg = Debug|Any CPU
		{C611D7EF-6E16-42FF-BE13-B38F3181CCDC}.Debug|Any CPU.Build.0 = Debug|Any CPU
		{C611D7EF-6E16-42FF-BE13-B38F3181CCDC}.Release|Any CPU.ActiveCfg = Release|Any CPU
		{C611D7EF-6E16-42FF-BE13-B38F3181CCDC}.Release|Any CPU.Build.0 = Release|Any CPU
		{2E9FE40E-39B0-4E5E-B60D-5DB6873199A2}.Debug|Any CPU.ActiveCfg = Debug|Any CPU
		{2E9FE40E-39B0-4E5E-B60D-5DB6873199A2}.Debug|Any CPU.Build.0 = Debug|Any CPU
		{2E9FE40E-39B0-4E5E-B60D-5DB6873199A2}.Release|Any CPU.ActiveCfg = Release|Any CPU
		{2E9FE40E-39B0-4E5E-B60D-5DB6873199A2}.Release|Any CPU.Build.0 = Release|Any CPU
		{66A88102-B7AE-4963-A36A-DA8C8C36CA29}.Debug|Any CPU.ActiveCfg = Debug|Any CPU
		{66A88102-B7AE-4963-A36A-DA8C8C36CA29}.Debug|Any CPU.Build.0 = Debug|Any CPU
		{66A88102-B7AE-4963-A36A-DA8C8C36CA29}.Release|Any CPU.ActiveCfg = Release|Any CPU
		{66A88102-B7AE-4963-A36A-DA8C8C36CA29}.Release|Any CPU.Build.0 = Release|Any CPU
		{9BCD4723-E3B3-4766-8DB7-78829C994BE9}.Debug|Any CPU.ActiveCfg = Debug|Any CPU
		{9BCD4723-E3B3-4766-8DB7-78829C994BE9}.Debug|Any CPU.Build.0 = Debug|Any CPU
		{9BCD4723-E3B3-4766-8DB7-78829C994BE9}.Release|Any CPU.ActiveCfg = Release|Any CPU
		{9BCD4723-E3B3-4766-8DB7-78829C994BE9}.Release|Any CPU.Build.0 = Release|Any CPU
		{E20B71FD-C07D-49ED-94F0-852CF555E027}.Debug|Any CPU.ActiveCfg = Debug|Any CPU
		{E20B71FD-C07D-49ED-94F0-852CF555E027}.Debug|Any CPU.Build.0 = Debug|Any CPU
		{E20B71FD-C07D-49ED-94F0-852CF555E027}.Release|Any CPU.ActiveCfg = Release|Any CPU
		{E20B71FD-C07D-49ED-94F0-852CF555E027}.Release|Any CPU.Build.0 = Release|Any CPU
		{7D1EA5EA-9C04-4DAC-B21A-2890DE1EF6DF}.Debug|Any CPU.ActiveCfg = Debug|Any CPU
		{7D1EA5EA-9C04-4DAC-B21A-2890DE1EF6DF}.Debug|Any CPU.Build.0 = Debug|Any CPU
		{7D1EA5EA-9C04-4DAC-B21A-2890DE1EF6DF}.Release|Any CPU.ActiveCfg = Release|Any CPU
		{7D1EA5EA-9C04-4DAC-B21A-2890DE1EF6DF}.Release|Any CPU.Build.0 = Release|Any CPU
	EndGlobalSection
	GlobalSection(SolutionProperties) = preSolution
		HideSolutionNode = FALSE
	EndGlobalSection
EndGlobal
