
Microsoft Visual Studio Solution File, Format Version 12.00
# Visual Studio 14
VisualStudioVersion = 14.0.25123.0
MinimumVisualStudioVersion = 10.0.40219.1
Project("{FAE04EC0-301F-11D3-BF4B-00C04F79EFBC}") = "FillMatrix", "FillMatrix\FillMatrix.csproj", "{17D87966-A97D-44E1-8C8B-420F3C3362A8}"
EndProject
Project("{FAE04EC0-301F-11D3-BF4B-00C04F79EFBC}") = "MaximalSum", "MaximalSum\MaximalSum.csproj", "{89ABB5FB-4321-4BA5-8C9A-F0DDF208CC4D}"
EndProject
Project("{FAE04EC0-301F-11D3-BF4B-00C04F79EFBC}") = "SequenceInMatrix", "SequenceInMatrix\SequenceInMatrix.csproj", "{FA77D0A4-759D-489B-BD18-FF371A15BC59}"
EndProject
Project("{FAE04EC0-301F-11D3-BF4B-00C04F79EFBC}") = "LargestAreaInMatrix", "LargestAreaInMatrix\LargestAreaInMatrix.csproj", "{7F1C140A-4FCA-4BD3-962F-4E90B0221634}"
EndProject
Global
	GlobalSection(SolutionConfigurationPlatforms) = preSolution
		Debug|Any CPU = Debug|Any CPU
		Release|Any CPU = Release|Any CPU
	EndGlobalSection
	GlobalSection(ProjectConfigurationPlatforms) = postSolution
		{17D87966-A97D-44E1-8C8B-420F3C3362A8}.Debug|Any CPU.ActiveCfg = Debug|Any CPU
		{17D87966-A97D-44E1-8C8B-420F3C3362A8}.Debug|Any CPU.Build.0 = Debug|Any CPU
		{17D87966-A97D-44E1-8C8B-420F3C3362A8}.Release|Any CPU.ActiveCfg = Release|Any CPU
		{17D87966-A97D-44E1-8C8B-420F3C3362A8}.Release|Any CPU.Build.0 = Release|Any CPU
		{89ABB5FB-4321-4BA5-8C9A-F0DDF208CC4D}.Debug|Any CPU.ActiveCfg = Debug|Any CPU
		{89ABB5FB-4321-4BA5-8C9A-F0DDF208CC4D}.Debug|Any CPU.Build.0 = Debug|Any CPU
		{89ABB5FB-4321-4BA5-8C9A-F0DDF208CC4D}.Release|Any CPU.ActiveCfg = Release|Any CPU
		{89ABB5FB-4321-4BA5-8C9A-F0DDF208CC4D}.Release|Any CPU.Build.0 = Release|Any CPU
		{FA77D0A4-759D-489B-BD18-FF371A15BC59}.Debug|Any CPU.ActiveCfg = Debug|Any CPU
		{FA77D0A4-759D-489B-BD18-FF371A15BC59}.Debug|Any CPU.Build.0 = Debug|Any CPU
		{FA77D0A4-759D-489B-BD18-FF371A15BC59}.Release|Any CPU.ActiveCfg = Release|Any CPU
		{FA77D0A4-759D-489B-BD18-FF371A15BC59}.Release|Any CPU.Build.0 = Release|Any CPU
		{7F1C140A-4FCA-4BD3-962F-4E90B0221634}.Debug|Any CPU.ActiveCfg = Debug|Any CPU
		{7F1C140A-4FCA-4BD3-962F-4E90B0221634}.Debug|Any CPU.Build.0 = Debug|Any CPU
		{7F1C140A-4FCA-4BD3-962F-4E90B0221634}.Release|Any CPU.ActiveCfg = Release|Any CPU
		{7F1C140A-4FCA-4BD3-962F-4E90B0221634}.Release|Any CPU.Build.0 = Release|Any CPU
	EndGlobalSection
	GlobalSection(SolutionProperties) = preSolution
		HideSolutionNode = FALSE
	EndGlobalSection
EndGlobal
