
Microsoft Visual Studio Solution File, Format Version 12.00
# Visual Studio 14
VisualStudioVersion = 14.0.25123.0
MinimumVisualStudioVersion = 10.0.40219.1
Project("{FAE04EC0-301F-11D3-BF4B-00C04F79EFBC}") = "StringBuilder", "StringBuilder\StringBuilder.csproj", "{AF2A8245-B5EA-4C93-8AD8-BE78C64BC579}"
EndProject
Project("{FAE04EC0-301F-11D3-BF4B-00C04F79EFBC}") = "IEnumerableExtensions", "IEnumerableExtensions\IEnumerableExtensions.csproj", "{6B8D8E76-402B-4A02-BB4E-33C5ECC5F161}"
EndProject
Project("{FAE04EC0-301F-11D3-BF4B-00C04F79EFBC}") = "StudentExpresions", "StudentExpresions\StudentExpresions.csproj", "{515DEF52-10CD-4CF3-969D-C794BE067F4A}"
EndProject
Project("{FAE04EC0-301F-11D3-BF4B-00C04F79EFBC}") = "DivisibleBy7And3", "DivisibleBy7And3\DivisibleBy7And3.csproj", "{10D3B589-F571-486D-9EA6-9C08BABA60EE}"
EndProject
Project("{FAE04EC0-301F-11D3-BF4B-00C04F79EFBC}") = "Timer", "Timer\Timer.csproj", "{F4190319-96E5-4700-86BF-815D62D015F6}"
EndProject
Global
	GlobalSection(SolutionConfigurationPlatforms) = preSolution
		Debug|Any CPU = Debug|Any CPU
		Release|Any CPU = Release|Any CPU
	EndGlobalSection
	GlobalSection(ProjectConfigurationPlatforms) = postSolution
		{AF2A8245-B5EA-4C93-8AD8-BE78C64BC579}.Debug|Any CPU.ActiveCfg = Debug|Any CPU
		{AF2A8245-B5EA-4C93-8AD8-BE78C64BC579}.Debug|Any CPU.Build.0 = Debug|Any CPU
		{AF2A8245-B5EA-4C93-8AD8-BE78C64BC579}.Release|Any CPU.ActiveCfg = Release|Any CPU
		{AF2A8245-B5EA-4C93-8AD8-BE78C64BC579}.Release|Any CPU.Build.0 = Release|Any CPU
		{6B8D8E76-402B-4A02-BB4E-33C5ECC5F161}.Debug|Any CPU.ActiveCfg = Debug|Any CPU
		{6B8D8E76-402B-4A02-BB4E-33C5ECC5F161}.Debug|Any CPU.Build.0 = Debug|Any CPU
		{6B8D8E76-402B-4A02-BB4E-33C5ECC5F161}.Release|Any CPU.ActiveCfg = Release|Any CPU
		{6B8D8E76-402B-4A02-BB4E-33C5ECC5F161}.Release|Any CPU.Build.0 = Release|Any CPU
		{515DEF52-10CD-4CF3-969D-C794BE067F4A}.Debug|Any CPU.ActiveCfg = Debug|Any CPU
		{515DEF52-10CD-4CF3-969D-C794BE067F4A}.Debug|Any CPU.Build.0 = Debug|Any CPU
		{515DEF52-10CD-4CF3-969D-C794BE067F4A}.Release|Any CPU.ActiveCfg = Release|Any CPU
		{515DEF52-10CD-4CF3-969D-C794BE067F4A}.Release|Any CPU.Build.0 = Release|Any CPU
		{10D3B589-F571-486D-9EA6-9C08BABA60EE}.Debug|Any CPU.ActiveCfg = Debug|Any CPU
		{10D3B589-F571-486D-9EA6-9C08BABA60EE}.Debug|Any CPU.Build.0 = Debug|Any CPU
		{10D3B589-F571-486D-9EA6-9C08BABA60EE}.Release|Any CPU.ActiveCfg = Release|Any CPU
		{10D3B589-F571-486D-9EA6-9C08BABA60EE}.Release|Any CPU.Build.0 = Release|Any CPU
		{F4190319-96E5-4700-86BF-815D62D015F6}.Debug|Any CPU.ActiveCfg = Debug|Any CPU
		{F4190319-96E5-4700-86BF-815D62D015F6}.Debug|Any CPU.Build.0 = Debug|Any CPU
		{F4190319-96E5-4700-86BF-815D62D015F6}.Release|Any CPU.ActiveCfg = Release|Any CPU
		{F4190319-96E5-4700-86BF-815D62D015F6}.Release|Any CPU.Build.0 = Release|Any CPU
	EndGlobalSection
	GlobalSection(SolutionProperties) = preSolution
		HideSolutionNode = FALSE
	EndGlobalSection
EndGlobal
