
Microsoft Visual Studio Solution File, Format Version 12.00
# Visual Studio 14
VisualStudioVersion = 14.0.24720.0
MinimumVisualStudioVersion = 10.0.40219.1
Project("{FAE04EC0-301F-11D3-BF4B-00C04F79EFBC}") = "07.QuotesInString", "QuotesInString\07.QuotesInString.csproj", "{BF9C38BE-954E-4233-ACE3-CEA5E82B17FA}"
EndProject
Project("{FAE04EC0-301F-11D3-BF4B-00C04F79EFBC}") = "08.IsoscelesTriangle", "IsoscelesTriangle\08.IsoscelesTriangle.csproj", "{E07B7AAA-F9C5-4B60-8E4D-AA22D80C903E}"
EndProject
Project("{FAE04EC0-301F-11D3-BF4B-00C04F79EFBC}") = "09.ExchangeSomeVariableValues", "ExchangeSomeVariableValues\09.ExchangeSomeVariableValues.csproj", "{A657B00F-1479-4481-965A-2BFFA397A1F9}"
EndProject
Project("{FAE04EC0-301F-11D3-BF4B-00C04F79EFBC}") = "10.EmployeeData", "EmployeeData\10.EmployeeData.csproj", "{E95EB4C8-19B4-4318-ADD5-A690BCFB6203}"
EndProject
Project("{FAE04EC0-301F-11D3-BF4B-00C04F79EFBC}") = "11.BankAcoountData", "BankAcoountData\11.BankAcoountData.csproj", "{4ADF068E-4ECE-4776-BB96-43BD2646EA33}"
EndProject
Project("{FAE04EC0-301F-11D3-BF4B-00C04F79EFBC}") = "13.ComparingFloads", "ComparingFloads\13.ComparingFloads.csproj", "{88BC777A-A0C4-4B4C-9B43-CC6ECB29406A}"
EndProject
Project("{FAE04EC0-301F-11D3-BF4B-00C04F79EFBC}") = "14.PrintASCIITable", "PrintASCIITable\14.PrintASCIITable.csproj", "{970B912D-B653-4D4C-B0EC-98A4F7FE97B6}"
EndProject
Project("{FAE04EC0-301F-11D3-BF4B-00C04F79EFBC}") = "01.DeclareVariables", "DeclareVariables\01.DeclareVariables.csproj", "{E6714E23-6D61-4705-9FF7-1591724FA0DE}"
EndProject
Project("{FAE04EC0-301F-11D3-BF4B-00C04F79EFBC}") = "02.FloatOrDouble", "FloatOrDouble\02.FloatOrDouble.csproj", "{C166CBF1-F082-43F1-B595-5A143359C4C1}"
EndProject
Project("{FAE04EC0-301F-11D3-BF4B-00C04F79EFBC}") = "03.VariableHexademical", "VariableHexademical\03.VariableHexademical.csproj", "{D373E792-BD12-4A9B-8102-A6EA67FB3C01}"
EndProject
Project("{FAE04EC0-301F-11D3-BF4B-00C04F79EFBC}") = "04UnicodeCharacter", "UnicodeCharacter\04UnicodeCharacter.csproj", "{C4B2FA90-3AEE-4B45-B149-70E69FB3EBA9}"
EndProject
Project("{FAE04EC0-301F-11D3-BF4B-00C04F79EFBC}") = "05.BooleanVariable", "BooleanVariable\05.BooleanVariable.csproj", "{F0855703-759C-4692-B34A-D5618B0F59B5}"
EndProject
Project("{FAE04EC0-301F-11D3-BF4B-00C04F79EFBC}") = "06.StringAndObjects", "StringAndObjects\06.StringAndObjects.csproj", "{E6AC351F-DD34-4CD7-B0EA-F33D903C2BEB}"
EndProject
Project("{FAE04EC0-301F-11D3-BF4B-00C04F79EFBC}") = "12.NullValueArithmetic", "NullValueArithmetic\12.NullValueArithmetic.csproj", "{DF17799F-3002-4D18-8425-58A0F56E7C9E}"
EndProject
Global
	GlobalSection(SolutionConfigurationPlatforms) = preSolution
		Debug|Any CPU = Debug|Any CPU
		Release|Any CPU = Release|Any CPU
	EndGlobalSection
	GlobalSection(ProjectConfigurationPlatforms) = postSolution
		{BF9C38BE-954E-4233-ACE3-CEA5E82B17FA}.Debug|Any CPU.ActiveCfg = Debug|Any CPU
		{BF9C38BE-954E-4233-ACE3-CEA5E82B17FA}.Debug|Any CPU.Build.0 = Debug|Any CPU
		{BF9C38BE-954E-4233-ACE3-CEA5E82B17FA}.Release|Any CPU.ActiveCfg = Release|Any CPU
		{BF9C38BE-954E-4233-ACE3-CEA5E82B17FA}.Release|Any CPU.Build.0 = Release|Any CPU
		{E07B7AAA-F9C5-4B60-8E4D-AA22D80C903E}.Debug|Any CPU.ActiveCfg = Debug|Any CPU
		{E07B7AAA-F9C5-4B60-8E4D-AA22D80C903E}.Debug|Any CPU.Build.0 = Debug|Any CPU
		{E07B7AAA-F9C5-4B60-8E4D-AA22D80C903E}.Release|Any CPU.ActiveCfg = Release|Any CPU
		{E07B7AAA-F9C5-4B60-8E4D-AA22D80C903E}.Release|Any CPU.Build.0 = Release|Any CPU
		{A657B00F-1479-4481-965A-2BFFA397A1F9}.Debug|Any CPU.ActiveCfg = Debug|Any CPU
		{A657B00F-1479-4481-965A-2BFFA397A1F9}.Debug|Any CPU.Build.0 = Debug|Any CPU
		{A657B00F-1479-4481-965A-2BFFA397A1F9}.Release|Any CPU.ActiveCfg = Release|Any CPU
		{A657B00F-1479-4481-965A-2BFFA397A1F9}.Release|Any CPU.Build.0 = Release|Any CPU
		{E95EB4C8-19B4-4318-ADD5-A690BCFB6203}.Debug|Any CPU.ActiveCfg = Debug|Any CPU
		{E95EB4C8-19B4-4318-ADD5-A690BCFB6203}.Debug|Any CPU.Build.0 = Debug|Any CPU
		{E95EB4C8-19B4-4318-ADD5-A690BCFB6203}.Release|Any CPU.ActiveCfg = Release|Any CPU
		{E95EB4C8-19B4-4318-ADD5-A690BCFB6203}.Release|Any CPU.Build.0 = Release|Any CPU
		{4ADF068E-4ECE-4776-BB96-43BD2646EA33}.Debug|Any CPU.ActiveCfg = Debug|Any CPU
		{4ADF068E-4ECE-4776-BB96-43BD2646EA33}.Debug|Any CPU.Build.0 = Debug|Any CPU
		{4ADF068E-4ECE-4776-BB96-43BD2646EA33}.Release|Any CPU.ActiveCfg = Release|Any CPU
		{4ADF068E-4ECE-4776-BB96-43BD2646EA33}.Release|Any CPU.Build.0 = Release|Any CPU
		{88BC777A-A0C4-4B4C-9B43-CC6ECB29406A}.Debug|Any CPU.ActiveCfg = Debug|Any CPU
		{88BC777A-A0C4-4B4C-9B43-CC6ECB29406A}.Debug|Any CPU.Build.0 = Debug|Any CPU
		{88BC777A-A0C4-4B4C-9B43-CC6ECB29406A}.Release|Any CPU.ActiveCfg = Release|Any CPU
		{88BC777A-A0C4-4B4C-9B43-CC6ECB29406A}.Release|Any CPU.Build.0 = Release|Any CPU
		{970B912D-B653-4D4C-B0EC-98A4F7FE97B6}.Debug|Any CPU.ActiveCfg = Debug|Any CPU
		{970B912D-B653-4D4C-B0EC-98A4F7FE97B6}.Debug|Any CPU.Build.0 = Debug|Any CPU
		{970B912D-B653-4D4C-B0EC-98A4F7FE97B6}.Release|Any CPU.ActiveCfg = Release|Any CPU
		{970B912D-B653-4D4C-B0EC-98A4F7FE97B6}.Release|Any CPU.Build.0 = Release|Any CPU
		{E6714E23-6D61-4705-9FF7-1591724FA0DE}.Debug|Any CPU.ActiveCfg = Debug|Any CPU
		{E6714E23-6D61-4705-9FF7-1591724FA0DE}.Debug|Any CPU.Build.0 = Debug|Any CPU
		{E6714E23-6D61-4705-9FF7-1591724FA0DE}.Release|Any CPU.ActiveCfg = Release|Any CPU
		{E6714E23-6D61-4705-9FF7-1591724FA0DE}.Release|Any CPU.Build.0 = Release|Any CPU
		{C166CBF1-F082-43F1-B595-5A143359C4C1}.Debug|Any CPU.ActiveCfg = Debug|Any CPU
		{C166CBF1-F082-43F1-B595-5A143359C4C1}.Debug|Any CPU.Build.0 = Debug|Any CPU
		{C166CBF1-F082-43F1-B595-5A143359C4C1}.Release|Any CPU.ActiveCfg = Release|Any CPU
		{C166CBF1-F082-43F1-B595-5A143359C4C1}.Release|Any CPU.Build.0 = Release|Any CPU
		{D373E792-BD12-4A9B-8102-A6EA67FB3C01}.Debug|Any CPU.ActiveCfg = Debug|Any CPU
		{D373E792-BD12-4A9B-8102-A6EA67FB3C01}.Debug|Any CPU.Build.0 = Debug|Any CPU
		{D373E792-BD12-4A9B-8102-A6EA67FB3C01}.Release|Any CPU.ActiveCfg = Release|Any CPU
		{D373E792-BD12-4A9B-8102-A6EA67FB3C01}.Release|Any CPU.Build.0 = Release|Any CPU
		{C4B2FA90-3AEE-4B45-B149-70E69FB3EBA9}.Debug|Any CPU.ActiveCfg = Debug|Any CPU
		{C4B2FA90-3AEE-4B45-B149-70E69FB3EBA9}.Debug|Any CPU.Build.0 = Debug|Any CPU
		{C4B2FA90-3AEE-4B45-B149-70E69FB3EBA9}.Release|Any CPU.ActiveCfg = Release|Any CPU
		{C4B2FA90-3AEE-4B45-B149-70E69FB3EBA9}.Release|Any CPU.Build.0 = Release|Any CPU
		{F0855703-759C-4692-B34A-D5618B0F59B5}.Debug|Any CPU.ActiveCfg = Debug|Any CPU
		{F0855703-759C-4692-B34A-D5618B0F59B5}.Debug|Any CPU.Build.0 = Debug|Any CPU
		{F0855703-759C-4692-B34A-D5618B0F59B5}.Release|Any CPU.ActiveCfg = Release|Any CPU
		{F0855703-759C-4692-B34A-D5618B0F59B5}.Release|Any CPU.Build.0 = Release|Any CPU
		{E6AC351F-DD34-4CD7-B0EA-F33D903C2BEB}.Debug|Any CPU.ActiveCfg = Debug|Any CPU
		{E6AC351F-DD34-4CD7-B0EA-F33D903C2BEB}.Debug|Any CPU.Build.0 = Debug|Any CPU
		{E6AC351F-DD34-4CD7-B0EA-F33D903C2BEB}.Release|Any CPU.ActiveCfg = Release|Any CPU
		{E6AC351F-DD34-4CD7-B0EA-F33D903C2BEB}.Release|Any CPU.Build.0 = Release|Any CPU
		{DF17799F-3002-4D18-8425-58A0F56E7C9E}.Debug|Any CPU.ActiveCfg = Debug|Any CPU
		{DF17799F-3002-4D18-8425-58A0F56E7C9E}.Debug|Any CPU.Build.0 = Debug|Any CPU
		{DF17799F-3002-4D18-8425-58A0F56E7C9E}.Release|Any CPU.ActiveCfg = Release|Any CPU
		{DF17799F-3002-4D18-8425-58A0F56E7C9E}.Release|Any CPU.Build.0 = Release|Any CPU
	EndGlobalSection
	GlobalSection(SolutionProperties) = preSolution
		HideSolutionNode = FALSE
	EndGlobalSection
EndGlobal
