
Microsoft Visual Studio Solution File, Format Version 12.00
# Visual Studio 14
VisualStudioVersion = 14.0.25123.0
MinimumVisualStudioVersion = 10.0.40219.1
Project("{FAE04EC0-301F-11D3-BF4B-00C04F79EFBC}") = "Shapes", "Shapes\Shapes.csproj", "{40B745EE-9AFA-4F9B-A8E5-91568BF9F34B}"
EndProject
Project("{FAE04EC0-301F-11D3-BF4B-00C04F79EFBC}") = "BankSystem", "BankAccounts\BankSystem.csproj", "{B533E791-91E7-48AA-949B-7C4683C65ADD}"
EndProject
Project("{FAE04EC0-301F-11D3-BF4B-00C04F79EFBC}") = "RangeExceptions", "RangeExceptions\RangeExceptions.csproj", "{0C20CEE5-7275-4AAB-8ED3-FE6A85321D99}"
EndProject
Global
	GlobalSection(SolutionConfigurationPlatforms) = preSolution
		Debug|Any CPU = Debug|Any CPU
		Release|Any CPU = Release|Any CPU
	EndGlobalSection
	GlobalSection(ProjectConfigurationPlatforms) = postSolution
		{40B745EE-9AFA-4F9B-A8E5-91568BF9F34B}.Debug|Any CPU.ActiveCfg = Debug|Any CPU
		{40B745EE-9AFA-4F9B-A8E5-91568BF9F34B}.Debug|Any CPU.Build.0 = Debug|Any CPU
		{40B745EE-9AFA-4F9B-A8E5-91568BF9F34B}.Release|Any CPU.ActiveCfg = Release|Any CPU
		{40B745EE-9AFA-4F9B-A8E5-91568BF9F34B}.Release|Any CPU.Build.0 = Release|Any CPU
		{B533E791-91E7-48AA-949B-7C4683C65ADD}.Debug|Any CPU.ActiveCfg = Debug|Any CPU
		{B533E791-91E7-48AA-949B-7C4683C65ADD}.Debug|Any CPU.Build.0 = Debug|Any CPU
		{B533E791-91E7-48AA-949B-7C4683C65ADD}.Release|Any CPU.ActiveCfg = Release|Any CPU
		{B533E791-91E7-48AA-949B-7C4683C65ADD}.Release|Any CPU.Build.0 = Release|Any CPU
		{0C20CEE5-7275-4AAB-8ED3-FE6A85321D99}.Debug|Any CPU.ActiveCfg = Debug|Any CPU
		{0C20CEE5-7275-4AAB-8ED3-FE6A85321D99}.Debug|Any CPU.Build.0 = Debug|Any CPU
		{0C20CEE5-7275-4AAB-8ED3-FE6A85321D99}.Release|Any CPU.ActiveCfg = Release|Any CPU
		{0C20CEE5-7275-4AAB-8ED3-FE6A85321D99}.Release|Any CPU.Build.0 = Release|Any CPU
	EndGlobalSection
	GlobalSection(SolutionProperties) = preSolution
		HideSolutionNode = FALSE
	EndGlobalSection
EndGlobal
