
Microsoft Visual Studio Solution File, Format Version 12.00
# Visual Studio 14
VisualStudioVersion = 14.0.24720.0
MinimumVisualStudioVersion = 10.0.40219.1
Project("{FAE04EC0-301F-11D3-BF4B-00C04F79EFBC}") = "01.OddOrEven", "OddOrEven\01.OddOrEven.csproj", "{12A91E63-E0A3-4BC0-84E8-BC86C6AEB3C2}"
EndProject
Project("{FAE04EC0-301F-11D3-BF4B-00C04F79EFBC}") = "02.MoonGravity", "MoonGravity\02.MoonGravity.csproj", "{520CAA98-C91D-4C02-B894-9E3AC82FC385}"
EndProject
Project("{FAE04EC0-301F-11D3-BF4B-00C04F79EFBC}") = "03.DivideBySevenAndFive", "DivideBySevenAndFive\03.DivideBySevenAndFive.csproj", "{FA70BC4D-49FD-4F48-8DCB-B59267074317}"
EndProject
Project("{FAE04EC0-301F-11D3-BF4B-00C04F79EFBC}") = "04.Rectangles", "Rectangles\04.Rectangles.csproj", "{805363B4-EE58-4A08-ABF7-856010897577}"
EndProject
Project("{FAE04EC0-301F-11D3-BF4B-00C04F79EFBC}") = "05.ThirdDigit", "ThirdDigit\05.ThirdDigit.csproj", "{08F6314B-CC72-408E-AE40-73AD45EB852A}"
EndProject
Project("{FAE04EC0-301F-11D3-BF4B-00C04F79EFBC}") = "06.FourDigits", "FourDigits\06.FourDigits.csproj", "{6434A1C7-51AC-4F04-AB56-CDAFDA6917C0}"
EndProject
Project("{FAE04EC0-301F-11D3-BF4B-00C04F79EFBC}") = "07.PointInCircle", "PointInCircle\07.PointInCircle.csproj", "{1F203728-4E89-49BE-855C-DC4E9850FEEC}"
EndProject
Project("{FAE04EC0-301F-11D3-BF4B-00C04F79EFBC}") = "08.PrimeCheck", "PrimeCheck\08.PrimeCheck.csproj", "{69C43643-B02E-4087-B7AF-9B3B8DFE905E}"
EndProject
Project("{FAE04EC0-301F-11D3-BF4B-00C04F79EFBC}") = "09.Trapezoids", "Trapezoids\09.Trapezoids.csproj", "{0B09DC30-B3C1-4267-A946-01AD1033EE32}"
EndProject
Project("{FAE04EC0-301F-11D3-BF4B-00C04F79EFBC}") = "10.PointCircleRectangle", "PointCircleRectangle\10.PointCircleRectangle.csproj", "{10A3EE4A-0815-4736-9D5E-907AEFE54235}"
EndProject
Project("{FAE04EC0-301F-11D3-BF4B-00C04F79EFBC}") = "11.3rdBit", "3rdBit\11.3rdBit.csproj", "{FEEC93BE-261D-482A-8960-0CA0DB2E7664}"
EndProject
Project("{FAE04EC0-301F-11D3-BF4B-00C04F79EFBC}") = "12.N-thBit", "N-thBit\12.N-thBit.csproj", "{AC230A74-D7B4-4541-8BA6-44DA8D39D293}"
EndProject
Project("{FAE04EC0-301F-11D3-BF4B-00C04F79EFBC}") = "13.ModifyBit", "ModifyBit\13.ModifyBit.csproj", "{A4CEF3A4-3CD3-46AE-B598-AD3A16315F55}"
EndProject
Project("{FAE04EC0-301F-11D3-BF4B-00C04F79EFBC}") = "14.BitExchange", "BitExchange\14.BitExchange.csproj", "{27C568E7-847C-4575-96E9-DEA179D97173}"
EndProject
Project("{FAE04EC0-301F-11D3-BF4B-00C04F79EFBC}") = "15.BitSwap", "BitSwap\15.BitSwap.csproj", "{773B1AE5-5062-46C8-981E-DB6D3E257700}"
EndProject
Global
	GlobalSection(SolutionConfigurationPlatforms) = preSolution
		Debug|Any CPU = Debug|Any CPU
		Release|Any CPU = Release|Any CPU
	EndGlobalSection
	GlobalSection(ProjectConfigurationPlatforms) = postSolution
		{12A91E63-E0A3-4BC0-84E8-BC86C6AEB3C2}.Debug|Any CPU.ActiveCfg = Debug|Any CPU
		{12A91E63-E0A3-4BC0-84E8-BC86C6AEB3C2}.Debug|Any CPU.Build.0 = Debug|Any CPU
		{12A91E63-E0A3-4BC0-84E8-BC86C6AEB3C2}.Release|Any CPU.ActiveCfg = Release|Any CPU
		{12A91E63-E0A3-4BC0-84E8-BC86C6AEB3C2}.Release|Any CPU.Build.0 = Release|Any CPU
		{520CAA98-C91D-4C02-B894-9E3AC82FC385}.Debug|Any CPU.ActiveCfg = Debug|Any CPU
		{520CAA98-C91D-4C02-B894-9E3AC82FC385}.Debug|Any CPU.Build.0 = Debug|Any CPU
		{520CAA98-C91D-4C02-B894-9E3AC82FC385}.Release|Any CPU.ActiveCfg = Release|Any CPU
		{520CAA98-C91D-4C02-B894-9E3AC82FC385}.Release|Any CPU.Build.0 = Release|Any CPU
		{FA70BC4D-49FD-4F48-8DCB-B59267074317}.Debug|Any CPU.ActiveCfg = Debug|Any CPU
		{FA70BC4D-49FD-4F48-8DCB-B59267074317}.Debug|Any CPU.Build.0 = Debug|Any CPU
		{FA70BC4D-49FD-4F48-8DCB-B59267074317}.Release|Any CPU.ActiveCfg = Release|Any CPU
		{FA70BC4D-49FD-4F48-8DCB-B59267074317}.Release|Any CPU.Build.0 = Release|Any CPU
		{805363B4-EE58-4A08-ABF7-856010897577}.Debug|Any CPU.ActiveCfg = Debug|Any CPU
		{805363B4-EE58-4A08-ABF7-856010897577}.Debug|Any CPU.Build.0 = Debug|Any CPU
		{805363B4-EE58-4A08-ABF7-856010897577}.Release|Any CPU.ActiveCfg = Release|Any CPU
		{805363B4-EE58-4A08-ABF7-856010897577}.Release|Any CPU.Build.0 = Release|Any CPU
		{08F6314B-CC72-408E-AE40-73AD45EB852A}.Debug|Any CPU.ActiveCfg = Debug|Any CPU
		{08F6314B-CC72-408E-AE40-73AD45EB852A}.Debug|Any CPU.Build.0 = Debug|Any CPU
		{08F6314B-CC72-408E-AE40-73AD45EB852A}.Release|Any CPU.ActiveCfg = Release|Any CPU
		{08F6314B-CC72-408E-AE40-73AD45EB852A}.Release|Any CPU.Build.0 = Release|Any CPU
		{6434A1C7-51AC-4F04-AB56-CDAFDA6917C0}.Debug|Any CPU.ActiveCfg = Debug|Any CPU
		{6434A1C7-51AC-4F04-AB56-CDAFDA6917C0}.Debug|Any CPU.Build.0 = Debug|Any CPU
		{6434A1C7-51AC-4F04-AB56-CDAFDA6917C0}.Release|Any CPU.ActiveCfg = Release|Any CPU
		{6434A1C7-51AC-4F04-AB56-CDAFDA6917C0}.Release|Any CPU.Build.0 = Release|Any CPU
		{1F203728-4E89-49BE-855C-DC4E9850FEEC}.Debug|Any CPU.ActiveCfg = Debug|Any CPU
		{1F203728-4E89-49BE-855C-DC4E9850FEEC}.Debug|Any CPU.Build.0 = Debug|Any CPU
		{1F203728-4E89-49BE-855C-DC4E9850FEEC}.Release|Any CPU.ActiveCfg = Release|Any CPU
		{1F203728-4E89-49BE-855C-DC4E9850FEEC}.Release|Any CPU.Build.0 = Release|Any CPU
		{69C43643-B02E-4087-B7AF-9B3B8DFE905E}.Debug|Any CPU.ActiveCfg = Debug|Any CPU
		{69C43643-B02E-4087-B7AF-9B3B8DFE905E}.Debug|Any CPU.Build.0 = Debug|Any CPU
		{69C43643-B02E-4087-B7AF-9B3B8DFE905E}.Release|Any CPU.ActiveCfg = Release|Any CPU
		{69C43643-B02E-4087-B7AF-9B3B8DFE905E}.Release|Any CPU.Build.0 = Release|Any CPU
		{0B09DC30-B3C1-4267-A946-01AD1033EE32}.Debug|Any CPU.ActiveCfg = Debug|Any CPU
		{0B09DC30-B3C1-4267-A946-01AD1033EE32}.Debug|Any CPU.Build.0 = Debug|Any CPU
		{0B09DC30-B3C1-4267-A946-01AD1033EE32}.Release|Any CPU.ActiveCfg = Release|Any CPU
		{0B09DC30-B3C1-4267-A946-01AD1033EE32}.Release|Any CPU.Build.0 = Release|Any CPU
		{10A3EE4A-0815-4736-9D5E-907AEFE54235}.Debug|Any CPU.ActiveCfg = Debug|Any CPU
		{10A3EE4A-0815-4736-9D5E-907AEFE54235}.Debug|Any CPU.Build.0 = Debug|Any CPU
		{10A3EE4A-0815-4736-9D5E-907AEFE54235}.Release|Any CPU.ActiveCfg = Release|Any CPU
		{10A3EE4A-0815-4736-9D5E-907AEFE54235}.Release|Any CPU.Build.0 = Release|Any CPU
		{FEEC93BE-261D-482A-8960-0CA0DB2E7664}.Debug|Any CPU.ActiveCfg = Debug|Any CPU
		{FEEC93BE-261D-482A-8960-0CA0DB2E7664}.Debug|Any CPU.Build.0 = Debug|Any CPU
		{FEEC93BE-261D-482A-8960-0CA0DB2E7664}.Release|Any CPU.ActiveCfg = Release|Any CPU
		{FEEC93BE-261D-482A-8960-0CA0DB2E7664}.Release|Any CPU.Build.0 = Release|Any CPU
		{AC230A74-D7B4-4541-8BA6-44DA8D39D293}.Debug|Any CPU.ActiveCfg = Debug|Any CPU
		{AC230A74-D7B4-4541-8BA6-44DA8D39D293}.Debug|Any CPU.Build.0 = Debug|Any CPU
		{AC230A74-D7B4-4541-8BA6-44DA8D39D293}.Release|Any CPU.ActiveCfg = Release|Any CPU
		{AC230A74-D7B4-4541-8BA6-44DA8D39D293}.Release|Any CPU.Build.0 = Release|Any CPU
		{A4CEF3A4-3CD3-46AE-B598-AD3A16315F55}.Debug|Any CPU.ActiveCfg = Debug|Any CPU
		{A4CEF3A4-3CD3-46AE-B598-AD3A16315F55}.Debug|Any CPU.Build.0 = Debug|Any CPU
		{A4CEF3A4-3CD3-46AE-B598-AD3A16315F55}.Release|Any CPU.ActiveCfg = Release|Any CPU
		{A4CEF3A4-3CD3-46AE-B598-AD3A16315F55}.Release|Any CPU.Build.0 = Release|Any CPU
		{27C568E7-847C-4575-96E9-DEA179D97173}.Debug|Any CPU.ActiveCfg = Debug|Any CPU
		{27C568E7-847C-4575-96E9-DEA179D97173}.Debug|Any CPU.Build.0 = Debug|Any CPU
		{27C568E7-847C-4575-96E9-DEA179D97173}.Release|Any CPU.ActiveCfg = Release|Any CPU
		{27C568E7-847C-4575-96E9-DEA179D97173}.Release|Any CPU.Build.0 = Release|Any CPU
		{773B1AE5-5062-46C8-981E-DB6D3E257700}.Debug|Any CPU.ActiveCfg = Debug|Any CPU
		{773B1AE5-5062-46C8-981E-DB6D3E257700}.Debug|Any CPU.Build.0 = Debug|Any CPU
		{773B1AE5-5062-46C8-981E-DB6D3E257700}.Release|Any CPU.ActiveCfg = Release|Any CPU
		{773B1AE5-5062-46C8-981E-DB6D3E257700}.Release|Any CPU.Build.0 = Release|Any CPU
	EndGlobalSection
	GlobalSection(SolutionProperties) = preSolution
		HideSolutionNode = FALSE
	EndGlobalSection
EndGlobal
