
Microsoft Visual Studio Solution File, Format Version 12.00
# Visual Studio 14
VisualStudioVersion = 14.0.25123.0
MinimumVisualStudioVersion = 10.0.40219.1
Project("{FAE04EC0-301F-11D3-BF4B-00C04F79EFBC}") = "Point", "Point\Point.csproj", "{2E8F053F-7171-46ED-891A-8436378A2D26}"
EndProject
Project("{FAE04EC0-301F-11D3-BF4B-00C04F79EFBC}") = "GenericList", "GenericList\GenericList.csproj", "{7A1FCB23-90FA-4C9E-A794-117210BDB494}"
EndProject
Project("{FAE04EC0-301F-11D3-BF4B-00C04F79EFBC}") = "Matrix", "Matrix\Matrix.csproj", "{C5A785F3-034C-4AA1-8A0C-90244DB59676}"
EndProject
Global
	GlobalSection(SolutionConfigurationPlatforms) = preSolution
		Debug|Any CPU = Debug|Any CPU
		Release|Any CPU = Release|Any CPU
	EndGlobalSection
	GlobalSection(ProjectConfigurationPlatforms) = postSolution
		{2E8F053F-7171-46ED-891A-8436378A2D26}.Debug|Any CPU.ActiveCfg = Debug|Any CPU
		{2E8F053F-7171-46ED-891A-8436378A2D26}.Debug|Any CPU.Build.0 = Debug|Any CPU
		{2E8F053F-7171-46ED-891A-8436378A2D26}.Release|Any CPU.ActiveCfg = Release|Any CPU
		{2E8F053F-7171-46ED-891A-8436378A2D26}.Release|Any CPU.Build.0 = Release|Any CPU
		{7A1FCB23-90FA-4C9E-A794-117210BDB494}.Debug|Any CPU.ActiveCfg = Debug|Any CPU
		{7A1FCB23-90FA-4C9E-A794-117210BDB494}.Debug|Any CPU.Build.0 = Debug|Any CPU
		{7A1FCB23-90FA-4C9E-A794-117210BDB494}.Release|Any CPU.ActiveCfg = Release|Any CPU
		{7A1FCB23-90FA-4C9E-A794-117210BDB494}.Release|Any CPU.Build.0 = Release|Any CPU
		{C5A785F3-034C-4AA1-8A0C-90244DB59676}.Debug|Any CPU.ActiveCfg = Debug|Any CPU
		{C5A785F3-034C-4AA1-8A0C-90244DB59676}.Debug|Any CPU.Build.0 = Debug|Any CPU
		{C5A785F3-034C-4AA1-8A0C-90244DB59676}.Release|Any CPU.ActiveCfg = Release|Any CPU
		{C5A785F3-034C-4AA1-8A0C-90244DB59676}.Release|Any CPU.Build.0 = Release|Any CPU
	EndGlobalSection
	GlobalSection(SolutionProperties) = preSolution
		HideSolutionNode = FALSE
	EndGlobalSection
EndGlobal
